
Microsoft Visual Studio Solution File, Format Version 12.00
# Visual Studio Version 16
VisualStudioVersion = 16.0.29609.76
MinimumVisualStudioVersion = 10.0.40219.1
Project("{FAE04EC0-301F-11D3-BF4B-00C04F79EFBC}") = "RazorMovie", "RazorMovie\RazorMovie.csproj", "{E742A7C1-76C4-4A87-A5B7-4BDD4ECF4877}"
EndProject
Global
	GlobalSection(SolutionConfigurationPlatforms) = preSolution
		Debug|Any CPU = Debug|Any CPU
		Release|Any CPU = Release|Any CPU
	EndGlobalSection
	GlobalSection(ProjectConfigurationPlatforms) = postSolution
		{E742A7C1-76C4-4A87-A5B7-4BDD4ECF4877}.Debug|Any CPU.ActiveCfg = Debug|Any CPU
		{E742A7C1-76C4-4A87-A5B7-4BDD4ECF4877}.Debug|Any CPU.Build.0 = Debug|Any CPU
		{E742A7C1-76C4-4A87-A5B7-4BDD4ECF4877}.Release|Any CPU.ActiveCfg = Release|Any CPU
		{E742A7C1-76C4-4A87-A5B7-4BDD4ECF4877}.Release|Any CPU.Build.0 = Release|Any CPU
	EndGlobalSection
	GlobalSection(SolutionProperties) = preSolution
		HideSolutionNode = FALSE
	EndGlobalSection
	GlobalSection(ExtensibilityGlobals) = postSolution
		SolutionGuid = {2CFCF592-5914-4EDC-B418-4732E4252D8F}
	EndGlobalSection
EndGlobal
